// !$*UTF8*$!
{
	archiveVersion = 1;
	classes = {
	};
	objectVersion = 46;
	objects = {

/* Begin PBXBuildFile section */
		0D1E36BC1CEB30CE0016EEE5 /* Ship.png in Resources */ = {isa = PBXBuildFile; fileRef = 0D1E36BB1CEB30CE0016EEE5 /* Ship.png */; };
		0D2391001CE5CC1A00F60CF5 /* 145035182953188.txt in Resources */ = {isa = PBXBuildFile; fileRef = 0D2390FF1CE5CC1A00F60CF5 /* 145035182953188.txt */; };
		0D271D2A1CE479AC008987FD /* tree.png in Resources */ = {isa = PBXBuildFile; fileRef = 0D271D291CE479AC008987FD /* tree.png */; };
		0D271D2C1CE47A55008987FD /* taobao.jpg in Resources */ = {isa = PBXBuildFile; fileRef = 0D271D2B1CE47A55008987FD /* taobao.jpg */; };
		0D271D2E1CE4807B008987FD /* png.png in Resources */ = {isa = PBXBuildFile; fileRef = 0D271D2D1CE4807B008987FD /* png.png */; };
		0D271D341CE48422008987FD /* NSData+PNGChunks.m in Sources */ = {isa = PBXBuildFile; fileRef = 0D271D331CE48422008987FD /* NSData+PNGChunks.m */; };
		0D271D371CE48451008987FD /* PNGBLock.m in Sources */ = {isa = PBXBuildFile; fileRef = 0D271D361CE48451008987FD /* PNGBLock.m */; };
		0DD44FB21CDD8FDD0015BF52 /* main.m in Sources */ = {isa = PBXBuildFile; fileRef = 0DD44FB11CDD8FDD0015BF52 /* main.m */; };
		0DD44FB51CDD8FDD0015BF52 /* AppDelegate.m in Sources */ = {isa = PBXBuildFile; fileRef = 0DD44FB41CDD8FDD0015BF52 /* AppDelegate.m */; };
		0DD44FB81CDD8FDD0015BF52 /* ViewController.m in Sources */ = {isa = PBXBuildFile; fileRef = 0DD44FB71CDD8FDD0015BF52 /* ViewController.m */; };
		0DD44FBB1CDD8FDD0015BF52 /* Main.storyboard in Resources */ = {isa = PBXBuildFile; fileRef = 0DD44FB91CDD8FDD0015BF52 /* Main.storyboard */; };
		0DD44FBD1CDD8FDD0015BF52 /* Assets.xcassets in Resources */ = {isa = PBXBuildFile; fileRef = 0DD44FBC1CDD8FDD0015BF52 /* Assets.xcassets */; };
		0DD44FC01CDD8FDD0015BF52 /* LaunchScreen.storyboard in Resources */ = {isa = PBXBuildFile; fileRef = 0DD44FBE1CDD8FDD0015BF52 /* LaunchScreen.storyboard */; };
		0DF6D5DB1CE46680003BAD36 /* UIImage+PixelData.m in Sources */ = {isa = PBXBuildFile; fileRef = 0DF6D5DA1CE46680003BAD36 /* UIImage+PixelData.m */; };
		0DF6D5DD1CE46DD1003BAD36 /* tmall.jpg in Resources */ = {isa = PBXBuildFile; fileRef = 0DF6D5DC1CE46DD1003BAD36 /* tmall.jpg */; };
		0DFB0F631CE36F850026AED0 /* lenna.png in Resources */ = {isa = PBXBuildFile; fileRef = 0DFB0F621CE36F850026AED0 /* lenna.png */; };
/* End PBXBuildFile section */

/* Begin PBXFileReference section */
		0D1E36BB1CEB30CE0016EEE5 /* Ship.png */ = {isa = PBXFileReference; lastKnownFileType = image.png; path = Ship.png; sourceTree = "<group>"; };
		0D2390FF1CE5CC1A00F60CF5 /* 145035182953188.txt */ = {isa = PBXFileReference; fileEncoding = 4; lastKnownFileType = text; path = 145035182953188.txt; sourceTree = "<group>"; };
		0D271D291CE479AC008987FD /* tree.png */ = {isa = PBXFileReference; lastKnownFileType = image.png; path = tree.png; sourceTree = "<group>"; };
		0D271D2B1CE47A55008987FD /* taobao.jpg */ = {isa = PBXFileReference; lastKnownFileType = image.jpeg; path = taobao.jpg; sourceTree = "<group>"; };
		0D271D2D1CE4807B008987FD /* png.png */ = {isa = PBXFileReference; lastKnownFileType = image.png; path = png.png; sourceTree = "<group>"; };
		0D271D321CE48422008987FD /* NSData+PNGChunks.h */ = {isa = PBXFileReference; fileEncoding = 4; lastKnownFileType = sourcecode.c.h; path = "NSData+PNGChunks.h"; sourceTree = "<group>"; };
		0D271D331CE48422008987FD /* NSData+PNGChunks.m */ = {isa = PBXFileReference; fileEncoding = 4; lastKnownFileType = sourcecode.c.objc; path = "NSData+PNGChunks.m"; sourceTree = "<group>"; };
		0D271D351CE48451008987FD /* PNGBLock.h */ = {isa = PBXFileReference; fileEncoding = 4; lastKnownFileType = sourcecode.c.h; path = PNGBLock.h; sourceTree = "<group>"; };
		0D271D361CE48451008987FD /* PNGBLock.m */ = {isa = PBXFileReference; fileEncoding = 4; lastKnownFileType = sourcecode.c.objc; path = PNGBLock.m; sourceTree = "<group>"; };
		0DD44FAD1CDD8FDD0015BF52 /* qlcoder_ios.app */ = {isa = PBXFileReference; explicitFileType = wrapper.application; includeInIndex = 0; path = qlcoder_ios.app; sourceTree = BUILT_PRODUCTS_DIR; };
		0DD44FB11CDD8FDD0015BF52 /* main.m */ = {isa = PBXFileReference; lastKnownFileType = sourcecode.c.objc; path = main.m; sourceTree = "<group>"; };
		0DD44FB31CDD8FDD0015BF52 /* AppDelegate.h */ = {isa = PBXFileReference; lastKnownFileType = sourcecode.c.h; path = AppDelegate.h; sourceTree = "<group>"; };
		0DD44FB41CDD8FDD0015BF52 /* AppDelegate.m */ = {isa = PBXFileReference; lastKnownFileType = sourcecode.c.objc; path = AppDelegate.m; sourceTree = "<group>"; };
		0DD44FB61CDD8FDD0015BF52 /* ViewController.h */ = {isa = PBXFileReference; lastKnownFileType = sourcecode.c.h; path = ViewController.h; sourceTree = "<group>"; };
		0DD44FB71CDD8FDD0015BF52 /* ViewController.m */ = {isa = PBXFileReference; lastKnownFileType = sourcecode.c.objc; path = ViewController.m; sourceTree = "<group>"; };
		0DD44FBA1CDD8FDD0015BF52 /* Base */ = {isa = PBXFileReference; lastKnownFileType = file.storyboard; name = Base; path = Base.lproj/Main.storyboard; sourceTree = "<group>"; };
		0DD44FBC1CDD8FDD0015BF52 /* Assets.xcassets */ = {isa = PBXFileReference; lastKnownFileType = folder.assetcatalog; path = Assets.xcassets; sourceTree = "<group>"; };
		0DD44FBF1CDD8FDD0015BF52 /* Base */ = {isa = PBXFileReference; lastKnownFileType = file.storyboard; name = Base; path = Base.lproj/LaunchScreen.storyboard; sourceTree = "<group>"; };
		0DD44FC11CDD8FDD0015BF52 /* Info.plist */ = {isa = PBXFileReference; lastKnownFileType = text.plist.xml; path = Info.plist; sourceTree = "<group>"; };
		0DF6D5D91CE46680003BAD36 /* UIImage+PixelData.h */ = {isa = PBXFileReference; fileEncoding = 4; lastKnownFileType = sourcecode.c.h; path = "UIImage+PixelData.h"; sourceTree = "<group>"; };
		0DF6D5DA1CE46680003BAD36 /* UIImage+PixelData.m */ = {isa = PBXFileReference; fileEncoding = 4; lastKnownFileType = sourcecode.c.objc; path = "UIImage+PixelData.m"; sourceTree = "<group>"; };
		0DF6D5DC1CE46DD1003BAD36 /* tmall.jpg */ = {isa = PBXFileReference; lastKnownFileType = image.jpeg; path = tmall.jpg; sourceTree = "<group>"; };
		0DFB0F621CE36F850026AED0 /* lenna.png */ = {isa = PBXFileReference; lastKnownFileType = image.png; path = lenna.png; sourceTree = "<group>"; };
/* End PBXFileReference section */

/* Begin PBXFrameworksBuildPhase section */
		0DD44FAA1CDD8FDD0015BF52 /* Frameworks */ = {
			isa = PBXFrameworksBuildPhase;
			buildActionMask = 2147483647;
			files = (
			);
			runOnlyForDeploymentPostprocessing = 0;
		};
/* End PBXFrameworksBuildPhase section */

/* Begin PBXGroup section */
		0DCE14891D5D9206001FC5D8 /* OptimizationProfiles */ = {
			isa = PBXGroup;
			children = (
			);
			path = OptimizationProfiles;
			sourceTree = "<group>";
		};
		0DD44FA41CDD8FDD0015BF52 = {
			isa = PBXGroup;
			children = (
				0D2390FF1CE5CC1A00F60CF5 /* 145035182953188.txt */,
				0D271D351CE48451008987FD /* PNGBLock.h */,
				0D271D361CE48451008987FD /* PNGBLock.m */,
				0D271D321CE48422008987FD /* NSData+PNGChunks.h */,
				0D271D331CE48422008987FD /* NSData+PNGChunks.m */,
				0DD44FAF1CDD8FDD0015BF52 /* single0507 */,
				0DD44FAE1CDD8FDD0015BF52 /* Products */,
				0DCE14891D5D9206001FC5D8 /* OptimizationProfiles */,
			);
			sourceTree = "<group>";
		};
		0DD44FAE1CDD8FDD0015BF52 /* Products */ = {
			isa = PBXGroup;
			children = (
				0DD44FAD1CDD8FDD0015BF52 /* qlcoder_ios.app */,
			);
			name = Products;
			sourceTree = "<group>";
		};
		0DD44FAF1CDD8FDD0015BF52 /* single0507 */ = {
			isa = PBXGroup;
			children = (
				0D271D2D1CE4807B008987FD /* png.png */,
				0D271D2B1CE47A55008987FD /* taobao.jpg */,
				0D271D291CE479AC008987FD /* tree.png */,
				0DF6D5DC1CE46DD1003BAD36 /* tmall.jpg */,
				0DFB0F621CE36F850026AED0 /* lenna.png */,
				0DD44FB31CDD8FDD0015BF52 /* AppDelegate.h */,
				0DD44FB41CDD8FDD0015BF52 /* AppDelegate.m */,
				0DD44FB61CDD8FDD0015BF52 /* ViewController.h */,
				0DD44FB71CDD8FDD0015BF52 /* ViewController.m */,
				0DD44FB91CDD8FDD0015BF52 /* Main.storyboard */,
				0D1E36BB1CEB30CE0016EEE5 /* Ship.png */,
				0DD44FBC1CDD8FDD0015BF52 /* Assets.xcassets */,
				0DD44FBE1CDD8FDD0015BF52 /* LaunchScreen.storyboard */,
				0DD44FC11CDD8FDD0015BF52 /* Info.plist */,
				0DD44FB01CDD8FDD0015BF52 /* Supporting Files */,
				0DF6D5D91CE46680003BAD36 /* UIImage+PixelData.h */,
				0DF6D5DA1CE46680003BAD36 /* UIImage+PixelData.m */,
			);
			path = single0507;
			sourceTree = "<group>";
		};
		0DD44FB01CDD8FDD0015BF52 /* Supporting Files */ = {
			isa = PBXGroup;
			children = (
				0DD44FB11CDD8FDD0015BF52 /* main.m */,
			);
			name = "Supporting Files";
			sourceTree = "<group>";
		};
/* End PBXGroup section */

/* Begin PBXNativeTarget section */
		0DD44FAC1CDD8FDD0015BF52 /* qlcoder_ios */ = {
			isa = PBXNativeTarget;
			buildConfigurationList = 0DD44FC41CDD8FDD0015BF52 /* Build configuration list for PBXNativeTarget "qlcoder_ios" */;
			buildPhases = (
				0DD44FA91CDD8FDD0015BF52 /* Sources */,
				0DD44FAA1CDD8FDD0015BF52 /* Frameworks */,
				0DD44FAB1CDD8FDD0015BF52 /* Resources */,
			);
			buildRules = (
			);
			dependencies = (
			);
			name = qlcoder_ios;
			productName = single0507;
			productReference = 0DD44FAD1CDD8FDD0015BF52 /* qlcoder_ios.app */;
			productType = "com.apple.product-type.application";
		};
/* End PBXNativeTarget section */

/* Begin PBXProject section */
		0DD44FA51CDD8FDD0015BF52 /* Project object */ = {
			isa = PBXProject;
			attributes = {
				LastUpgradeCheck = 0730;
				ORGANIZATIONNAME = summerwu;
				TargetAttributes = {
					0DD44FAC1CDD8FDD0015BF52 = {
						CreatedOnToolsVersion = 7.3;
					};
				};
			};
			buildConfigurationList = 0DD44FA81CDD8FDD0015BF52 /* Build configuration list for PBXProject "qlcoder_ios" */;
			compatibilityVersion = "Xcode 3.2";
			developmentRegion = English;
			hasScannedForEncodings = 0;
			knownRegions = (
				en,
				Base,
			);
			mainGroup = 0DD44FA41CDD8FDD0015BF52;
			productRefGroup = 0DD44FAE1CDD8FDD0015BF52 /* Products */;
			projectDirPath = "";
			projectRoot = "";
			targets = (
				0DD44FAC1CDD8FDD0015BF52 /* qlcoder_ios */,
			);
		};
/* End PBXProject section */

/* Begin PBXResourcesBuildPhase section */
		0DD44FAB1CDD8FDD0015BF52 /* Resources */ = {
			isa = PBXResourcesBuildPhase;
			buildActionMask = 2147483647;
			files = (
				0DF6D5DD1CE46DD1003BAD36 /* tmall.jpg in Resources */,
				0DD44FC01CDD8FDD0015BF52 /* LaunchScreen.storyboard in Resources */,
				0DD44FBD1CDD8FDD0015BF52 /* Assets.xcassets in Resources */,
				0DFB0F631CE36F850026AED0 /* lenna.png in Resources */,
				0DD44FBB1CDD8FDD0015BF52 /* Main.storyboard in Resources */,
				0D2391001CE5CC1A00F60CF5 /* 145035182953188.txt in Resources */,
				0D271D2A1CE479AC008987FD /* tree.png in Resources */,
				0D1E36BC1CEB30CE0016EEE5 /* Ship.png in Resources */,
				0D271D2C1CE47A55008987FD /* taobao.jpg in Resources */,
				0D271D2E1CE4807B008987FD /* png.png in Resources */,
			);
			runOnlyForDeploymentPostprocessing = 0;
		};
/* End PBXResourcesBuildPhase section */

/* Begin PBXSourcesBuildPhase section */
		0DD44FA91CDD8FDD0015BF52 /* Sources */ = {
			isa = PBXSourcesBuildPhase;
			buildActionMask = 2147483647;
			files = (
				0D271D341CE48422008987FD /* NSData+PNGChunks.m in Sources */,
				0DF6D5DB1CE46680003BAD36 /* UIImage+PixelData.m in Sources */,
				0DD44FB81CDD8FDD0015BF52 /* ViewController.m in Sources */,
				0DD44FB51CDD8FDD0015BF52 /* AppDelegate.m in Sources */,
				0DD44FB21CDD8FDD0015BF52 /* main.m in Sources */,
				0D271D371CE48451008987FD /* PNGBLock.m in Sources */,
			);
			runOnlyForDeploymentPostprocessing = 0;
		};
/* End PBXSourcesBuildPhase section */

/* Begin PBXVariantGroup section */
		0DD44FB91CDD8FDD0015BF52 /* Main.storyboard */ = {
			isa = PBXVariantGroup;
			children = (
				0DD44FBA1CDD8FDD0015BF52 /* Base */,
			);
			name = Main.storyboard;
			sourceTree = "<group>";
		};
		0DD44FBE1CDD8FDD0015BF52 /* LaunchScreen.storyboard */ = {
			isa = PBXVariantGroup;
			children = (
				0DD44FBF1CDD8FDD0015BF52 /* Base */,
			);
			name = LaunchScreen.storyboard;
			sourceTree = "<group>";
		};
/* End PBXVariantGroup section */

/* Begin XCBuildConfiguration section */
		0DD44FC21CDD8FDD0015BF52 /* Debug */ = {
			isa = XCBuildConfiguration;
			buildSettings = {
				ALWAYS_SEARCH_USER_PATHS = NO;
				CLANG_ANALYZER_NONNULL = YES;
				CLANG_CXX_LANGUAGE_STANDARD = "gnu++0x";
				CLANG_CXX_LIBRARY = "libc++";
				CLANG_ENABLE_MODULES = YES;
				CLANG_ENABLE_OBJC_ARC = YES;
				CLANG_WARN_BOOL_CONVERSION = YES;
				CLANG_WARN_CONSTANT_CONVERSION = YES;
				CLANG_WARN_DIRECT_OBJC_ISA_USAGE = YES_ERROR;
				CLANG_WARN_EMPTY_BODY = YES;
				CLANG_WARN_ENUM_CONVERSION = YES;
				CLANG_WARN_INT_CONVERSION = YES;
				CLANG_WARN_OBJC_ROOT_CLASS = YES_ERROR;
				CLANG_WARN_UNREACHABLE_CODE = YES;
				CLANG_WARN__DUPLICATE_METHOD_MATCH = YES;
				"CODE_SIGN_IDENTITY[sdk=iphoneos*]" = "iPhone Developer";
				COPY_PHASE_STRIP = NO;
				DEBUG_INFORMATION_FORMAT = dwarf;
				ENABLE_STRICT_OBJC_MSGSEND = YES;
				ENABLE_TESTABILITY = YES;
				GCC_C_LANGUAGE_STANDARD = gnu99;
				GCC_DYNAMIC_NO_PIC = NO;
				GCC_NO_COMMON_BLOCKS = YES;
				GCC_OPTIMIZATION_LEVEL = 0;
				GCC_PREPROCESSOR_DEFINITIONS = (
					"DEBUG=1",
					"$(inherited)",
				);
				GCC_WARN_64_TO_32_BIT_CONVERSION = YES;
				GCC_WARN_ABOUT_RETURN_TYPE = YES_ERROR;
				GCC_WARN_UNDECLARED_SELECTOR = YES;
				GCC_WARN_UNINITIALIZED_AUTOS = YES_AGGRESSIVE;
				GCC_WARN_UNUSED_FUNCTION = YES;
				GCC_WARN_UNUSED_VARIABLE = YES;
				IPHONEOS_DEPLOYMENT_TARGET = 9.3;
				MTL_ENABLE_DEBUG_INFO = YES;
				ONLY_ACTIVE_ARCH = YES;
				SDKROOT = iphoneos;
			};
			name = Debug;
		};
		0DD44FC31CDD8FDD0015BF52 /* Release */ = {
			isa = XCBuildConfiguration;
			buildSettings = {
				ALWAYS_SEARCH_USER_PATHS = NO;
				CLANG_ANALYZER_NONNULL = YES;
				CLANG_CXX_LANGUAGE_STANDARD = "gnu++0x";
				CLANG_CXX_LIBRARY = "libc++";
				CLANG_ENABLE_MODULES = YES;
				CLANG_ENABLE_OBJC_ARC = YES;
				CLANG_WARN_BOOL_CONVERSION = YES;
				CLANG_WARN_CONSTANT_CONVERSION = YES;
				CLANG_WARN_DIRECT_OBJC_ISA_USAGE = YES_ERROR;
				CLANG_WARN_EMPTY_BODY = YES;
				CLANG_WARN_ENUM_CONVERSION = YES;
				CLANG_WARN_INT_CONVERSION = YES;
				CLANG_WARN_OBJC_ROOT_CLASS = YES_ERROR;
				CLANG_WARN_UNREACHABLE_CODE = YES;
				CLANG_WARN__DUPLICATE_METHOD_MATCH = YES;
				"CODE_SIGN_IDENTITY[sdk=iphoneos*]" = "iPhone Developer";
				COPY_PHASE_STRIP = NO;
				DEBUG_INFORMATION_FORMAT = "dwarf-with-dsym";
				ENABLE_NS_ASSERTIONS = NO;
				ENABLE_STRICT_OBJC_MSGSEND = YES;
				GCC_C_LANGUAGE_STANDARD = gnu99;
				GCC_NO_COMMON_BLOCKS = YES;
				GCC_WARN_64_TO_32_BIT_CONVERSION = YES;
				GCC_WARN_ABOUT_RETURN_TYPE = YES_ERROR;
				GCC_WARN_UNDECLARED_SELECTOR = YES;
				GCC_WARN_UNINITIALIZED_AUTOS = YES_AGGRESSIVE;
				GCC_WARN_UNUSED_FUNCTION = YES;
				GCC_WARN_UNUSED_VARIABLE = YES;
				IPHONEOS_DEPLOYMENT_TARGET = 9.3;
				MTL_ENABLE_DEBUG_INFO = NO;
				SDKROOT = iphoneos;
				VALIDATE_PRODUCT = YES;
			};
			name = Release;
		};
		0DD44FC51CDD8FDD0015BF52 /* Debug */ = {
			isa = XCBuildConfiguration;
			buildSettings = {
				ASSETCATALOG_COMPILER_APPICON_NAME = AppIcon;
				CLANG_USE_OPTIMIZATION_PROFILE = YES;
				INFOPLIST_FILE = single0507/Info.plist;
				LD_RUNPATH_SEARCH_PATHS = "$(inherited) @executable_path/Frameworks";
				PRODUCT_BUNDLE_IDENTIFIER = com.summerwu.single0507;
				PRODUCT_NAME = "$(TARGET_NAME)";
			};
			name = Debug;
		};
		0DD44FC61CDD8FDD0015BF52 /* Release */ = {
			isa = XCBuildConfiguration;
			buildSettings = {
				ASSETCATALOG_COMPILER_APPICON_NAME = AppIcon;
				CLANG_USE_OPTIMIZATION_PROFILE = YES;
				INFOPLIST_FILE = single0507/Info.plist;
				LD_RUNPATH_SEARCH_PATHS = "$(inherited) @executable_path/Frameworks";
				PRODUCT_BUNDLE_IDENTIFIER = com.summerwu.single0507;
				PRODUCT_NAME = "$(TARGET_NAME)";
			};
			name = Release;
		};
/* End XCBuildConfiguration section */

/* Begin XCConfigurationList section */
		0DD44FA81CDD8FDD0015BF52 /* Build configuration list for PBXProject "qlcoder_ios" */ = {
			isa = XCConfigurationList;
			buildConfigurations = (
				0DD44FC21CDD8FDD0015BF52 /* Debug */,
				0DD44FC31CDD8FDD0015BF52 /* Release */,
			);
			defaultConfigurationIsVisible = 0;
			defaultConfigurationName = Release;
		};
		0DD44FC41CDD8FDD0015BF52 /* Build configuration list for PBXNativeTarget "qlcoder_ios" */ = {
			isa = XCConfigurationList;
			buildConfigurations = (
				0DD44FC51CDD8FDD0015BF52 /* Debug */,
				0DD44FC61CDD8FDD0015BF52 /* Release */,
			);
			defaultConfigurationIsVisible = 0;
			defaultConfigurationName = Release;
		};
/* End XCConfigurationList section */
	};
	rootObject = 0DD44FA51CDD8FDD0015BF52 /* Project object */;
}
